{
  "name": "integer-extra",
  "version": "0.1.6",
  "lockfileVersion": 1,
  "requires": true,
  "dependencies": {
    "integer-abs": {
      "version": "0.1.2",
      "resolved": "https://registry.npmjs.org/integer-abs/-/integer-abs-0.1.2.tgz",
      "integrity": "sha512-MN2uvs2gUqjVw8FBaxVQMJZGTrPKGi5OEcFKRbdNUkqn1f2Nc8+z+l4kEEaB8UlZU7S+YE1OoKeWpXDry7p8WA==",
      "dev": true
    },
    "integer-bitcount": {
      "version": "0.1.1",
      "resolved": "https://registry.npmjs.org/integer-bitcount/-/integer-bitcount-0.1.1.tgz",
      "integrity": "sha512-R5BBGX1aMk45OYgfn2YHMwcAN6OTRuYl2G969HdX/tTdC9W2OXdYBWY7m25BgyMaU50Q2VOf8buNmqWSguPcfQ==",
      "dev": true
    },
    "integer-bitinterleave": {
      "version": "0.1.1",
      "resolved": "https://registry.npmjs.org/integer-bitinterleave/-/integer-bitinterleave-0.1.1.tgz",
      "integrity": "sha512-KOa7795WqV2YUhcdSwnMSwKEsf18sy+x0HOeaFzzEu7xryGwxUbHtALIZ9AqzdMsIf692uA51YdYwYbHS6heOg==",
      "dev": true
    },
    "integer-bitmerge": {
      "version": "0.1.1",
      "resolved": "https://registry.npmjs.org/integer-bitmerge/-/integer-bitmerge-0.1.1.tgz",
      "integrity": "sha512-GnhYlI81mWEUm4dMwChepAP1Prbo6h7kGNP1YKPGoAkK8z9sy+8LZ2C1+5c9J2MBZ2CN6veLB6ABexzLK/YXnQ==",
      "dev": true
    },
    "integer-bitparity": {
      "version": "0.1.2",
      "resolved": "https://registry.npmjs.org/integer-bitparity/-/integer-bitparity-0.1.2.tgz",
      "integrity": "sha512-xKsK/8PYp9f2tJDpvvesAwVV8dF8PlOUU7FwM9jeuVxX/iL/blK72OUnydfubpAbcdov85WDd2SxxqclxFnseA==",
      "dev": true
    },
    "integer-bitreverse": {
      "version": "0.1.1",
      "resolved": "https://registry.npmjs.org/integer-bitreverse/-/integer-bitreverse-0.1.1.tgz",
      "integrity": "sha512-dcqgWYX2n+G7zlATejYtRArOIFqGvT3Z01ygg1kLg8dOlJnD8t45622iuqvqligR8x1JyAzKuNAIC+fHF3d1IQ==",
      "dev": true
    },
    "integer-bitscan": {
      "version": "0.1.1",
      "resolved": "https://registry.npmjs.org/integer-bitscan/-/integer-bitscan-0.1.1.tgz",
      "integrity": "sha512-0/zz3Z7lwXNwa2IC6fyrwsdRtsY+2D3+QhliLlpPtKMUP/cAO4HRJ+S6/gTuGJnLAmmetPdne1zrcZgeEDyKOA==",
      "dev": true
    },
    "integer-bitsetif": {
      "version": "0.1.1",
      "resolved": "https://registry.npmjs.org/integer-bitsetif/-/integer-bitsetif-0.1.1.tgz",
      "integrity": "sha512-WB22QY7KQCC8wVmtGJFjkk9oOfVEfGXhhSIR9jhi2SHydsgKxEJBLvWdgnGxKA6B6h7Yr21KmpyEpVEJhi9VWg==",
      "dev": true
    },
    "integer-bitswap": {
      "version": "0.1.1",
      "resolved": "https://registry.npmjs.org/integer-bitswap/-/integer-bitswap-0.1.1.tgz",
      "integrity": "sha512-pLNFON0Pl9l1DqGzxIf1JL/AGduzVdZUH9moXLBM5YtaDt3FdWuktduhaGfAF+jFx+OrowOJkye9mlTxul/RwA==",
      "dev": true
    },
    "integer-is": {
      "version": "0.1.3",
      "resolved": "https://registry.npmjs.org/integer-is/-/integer-is-0.1.3.tgz",
      "integrity": "sha512-YcjN8PUxNiXnMrXqV6ROKt7hZegGvae0XFvPaplMnCbw6ZLfDwEcFZLIws8n4+pojlNlO2tKGB040vy9FmyFoQ==",
      "dev": true
    },
    "integer-ispow2": {
      "version": "0.1.4",
      "resolved": "https://registry.npmjs.org/integer-ispow2/-/integer-ispow2-0.1.4.tgz",
      "integrity": "sha512-F+9jLtGwHWEyj17ERsXc+PDqmqY25m8prFzTsm8GVH9GJtMVgcOkWQ0D0kuP8aF//zdo34gYd19rMdQE15hNTw==",
      "dev": true
    },
    "integer-log10": {
      "version": "0.1.2",
      "resolved": "https://registry.npmjs.org/integer-log10/-/integer-log10-0.1.2.tgz",
      "integrity": "sha512-ZkwTUKZ/cjNuF57GSNz09/pA1hO/USWottMA2oRs6uPSF1C5WTbGXwXNUqF7cgXEcCDHgxIDgaQE7ZQmAiYgTg==",
      "dev": true,
      "requires": {
        "integer-log2": "0.1.2"
      }
    },
    "integer-log2": {
      "version": "0.1.2",
      "resolved": "https://registry.npmjs.org/integer-log2/-/integer-log2-0.1.2.tgz",
      "integrity": "sha512-I5f4T6hr9dBTs/+nEAC2tDc3JqGl+WjtxULejVyU19MkgJzE1ub7M6MJ++63YgOpG3pQ3zAYfG0uKr4ncSR4Pw==",
      "dev": true
    },
    "integer-maxvalue": {
      "version": "0.1.1",
      "resolved": "https://registry.npmjs.org/integer-maxvalue/-/integer-maxvalue-0.1.1.tgz",
      "integrity": "sha512-LTVjUXhY74qwYtcnnjzaFq3JW/iE624E5FH9UEXlr/aaqh9V2wy6Rh48pI0dUYpwTiHRtTltXl24sR6SFwF/Kw==",
      "dev": true
    },
    "integer-minvalue": {
      "version": "0.1.1",
      "resolved": "https://registry.npmjs.org/integer-minvalue/-/integer-minvalue-0.1.1.tgz",
      "integrity": "sha512-VjuJfKbVWn8MBVfM/0Zfg2EiE+8/6zmyXr2lCPy46hc4fMnJ7IMCqwlQ7VzZ5o7dHTfhYXVJwWpeSr+kBnZaAg==",
      "dev": true
    },
    "integer-nextpow2": {
      "version": "0.1.2",
      "resolved": "https://registry.npmjs.org/integer-nextpow2/-/integer-nextpow2-0.1.2.tgz",
      "integrity": "sha512-OUvdkRznQpBMSmgexLVNFVHRlurZVGToMZPuo6XQ4AXN82ZOJQ3jpPcjUpAbHZ2uaHchjB0jUkFdZuLfJ+ascw==",
      "dev": true
    },
    "integer-parity": {
      "version": "0.1.2",
      "resolved": "https://registry.npmjs.org/integer-parity/-/integer-parity-0.1.2.tgz",
      "integrity": "sha512-Uh/J2x3/N3a/axRkxanC1qDXmul1vlulOqT+XopPT/d3Gu8Q76AJyS+xWcayOW/9XIzMhLIf7M6++q0wXryKbg==",
      "dev": true
    },
    "integer-pow10": {
      "version": "0.1.4",
      "resolved": "https://registry.npmjs.org/integer-pow10/-/integer-pow10-0.1.4.tgz",
      "integrity": "sha512-4VweAtkK7GgIeO1lOtEu/E3ct/9Op+aThnQjMftr2WJTcCNkmw34vLRlkWqSMwH1OU07BTrfiP/T5NqjUnpbDA==",
      "dev": true
    },
    "integer-pow2": {
      "version": "0.1.2",
      "resolved": "https://registry.npmjs.org/integer-pow2/-/integer-pow2-0.1.2.tgz",
      "integrity": "sha512-8ArUjP8D6aO99jd26QrRl7Lgobg/wsEpY+qP1aoV5d9kRpxzm74m3shENmg7FS+sP9xFQP2jJrSr+Bg+kRxTHA==",
      "dev": true
    },
    "integer-signequal": {
      "version": "0.1.2",
      "resolved": "https://registry.npmjs.org/integer-signequal/-/integer-signequal-0.1.2.tgz",
      "integrity": "sha512-mThhU+k1OQjGS2Xv36YO/UQk2lZWgdeah2AmKDEUFkiKZBeL7cUi78Exwyx6i0ZChHTSWIOaotZYsfV1E67YsQ==",
      "dev": true
    },
    "integer-signextend": {
      "version": "0.1.2",
      "resolved": "https://registry.npmjs.org/integer-signextend/-/integer-signextend-0.1.2.tgz",
      "integrity": "sha512-tZ/5VYoH9/f/PNW/KVJckEqsRVRFsEGKZLclSH2bLQL7SJFTxQnX9hgml7ebRLRhk1g9Q8ff5CtBQZDMn78BSg==",
      "dev": true
    }
  }
}
